
Microsoft Visual Studio Solution File, Format Version 12.00
# Visual Studio Version 16
VisualStudioVersion = 16.0.29519.181
MinimumVisualStudioVersion = 10.0.40219.1
Project("{9A19103F-16F7-4668-BE54-9A1E7A4F7556}") = "TestRunner", "TestRunner\TestRunner.csproj", "{FD694890-9037-4323-B6A5-64CCDB5EAFB0}"
EndProject
Project("{9A19103F-16F7-4668-BE54-9A1E7A4F7556}") = "FakeTests", "FakeTests\FakeTests.csproj", "{3BBBF280-2BB0-4273-A78E-8C558FCA4AA3}"
EndProject
Global
	GlobalSection(SolutionConfigurationPlatforms) = preSolution
		Debug|Any CPU = Debug|Any CPU
		Release|Any CPU = Release|Any CPU
	EndGlobalSection
	GlobalSection(ProjectConfigurationPlatforms) = postSolution
		{FD694890-9037-4323-B6A5-64CCDB5EAFB0}.Debug|Any CPU.ActiveCfg = Debug|Any CPU
		{FD694890-9037-4323-B6A5-64CCDB5EAFB0}.Debug|Any CPU.Build.0 = Debug|Any CPU
		{FD694890-9037-4323-B6A5-64CCDB5EAFB0}.Release|Any CPU.ActiveCfg = Release|Any CPU
		{FD694890-9037-4323-B6A5-64CCDB5EAFB0}.Release|Any CPU.Build.0 = Release|Any CPU
		{3BBBF280-2BB0-4273-A78E-8C558FCA4AA3}.Debug|Any CPU.ActiveCfg = Debug|Any CPU
		{3BBBF280-2BB0-4273-A78E-8C558FCA4AA3}.Debug|Any CPU.Build.0 = Debug|Any CPU
		{3BBBF280-2BB0-4273-A78E-8C558FCA4AA3}.Release|Any CPU.ActiveCfg = Release|Any CPU
		{3BBBF280-2BB0-4273-A78E-8C558FCA4AA3}.Release|Any CPU.Build.0 = Release|Any CPU
	EndGlobalSection
	GlobalSection(SolutionProperties) = preSolution
		HideSolutionNode = FALSE
	EndGlobalSection
	GlobalSection(ExtensibilityGlobals) = postSolution
		SolutionGuid = {829844B8-72E6-4BC1-BA3C-1450B3151467}
	EndGlobalSection
EndGlobal
